
Microsoft Visual Studio Solution File, Format Version 12.00
# Visual Studio Version 16
VisualStudioVersion = 16.0.30011.22
MinimumVisualStudioVersion = 10.0.40219.1
Project("{2150E333-8FDC-42A3-9474-1A3956D46DE8}") = "src", "src", "{EFDF9257-382F-4E15-9A24-D7D6B1511196}"
EndProject
Project("{2150E333-8FDC-42A3-9474-1A3956D46DE8}") = "test", "test", "{2625D39F-AAFD-4566-B2F0-130BF02A161F}"
EndProject
Project("{9A19103F-16F7-4668-BE54-9A1E7A4F7556}") = "Zoo.Api", "src\Zoo.Api\Zoo.Api.csproj", "{04F75A21-C7CE-42AE-8F5D-FFE68FB4509A}"
EndProject
Project("{9A19103F-16F7-4668-BE54-9A1E7A4F7556}") = "Zoo.Infirmary", "src\Zoo.Infirmary\Zoo.Infirmary.csproj", "{922CAB03-34B0-40B6-8C09-453A129E9CF5}"
EndProject
Project("{9A19103F-16F7-4668-BE54-9A1E7A4F7556}") = "Zoo.Park", "src\Zoo.Park\Zoo.Park.csproj", "{318D8675-4327-4537-A195-0D596922C375}"
EndProject
Project("{9A19103F-16F7-4668-BE54-9A1E7A4F7556}") = "Zoo.Administration", "src\Zoo.Administration\Zoo.Administration.csproj", "{26CBA5F2-7AD7-4C00-B183-0891248F7B03}"
EndProject
Project("{9A19103F-16F7-4668-BE54-9A1E7A4F7556}") = "Zoo.Application", "src\Zoo.Application\Zoo.Application.csproj", "{118B6846-C31F-4013-8C65-8210A4D130E6}"
EndProject
Project("{9A19103F-16F7-4668-BE54-9A1E7A4F7556}") = "Zoo.Infrastructure", "src\Zoo.Infrastructure\Zoo.Infrastructure.csproj", "{B1D91D90-C394-4DB4-8BDA-0BBD620F9B9E}"
EndProject
Project("{9A19103F-16F7-4668-BE54-9A1E7A4F7556}") = "Core.Specification", "src\Core.Specification\Core.Specification.csproj", "{4B795E5A-D85F-4EE6-B29D-7AC521679A61}"
EndProject
Project("{9A19103F-16F7-4668-BE54-9A1E7A4F7556}") = "Zoo.Api.Tests", "test\Zoo.Api.Tests\Zoo.Api.Tests.csproj", "{B93D0B4C-8757-44A7-93E7-A819E6B189D9}"
EndProject
Project("{9A19103F-16F7-4668-BE54-9A1E7A4F7556}") = "Core.Validator", "src\Core.Validator\Core.Validator.csproj", "{0E881955-67D2-454D-A915-7D6726F68E96}"
EndProject
Project("{9A19103F-16F7-4668-BE54-9A1E7A4F7556}") = "Zoo.Administration.Tests", "test\Zoo.Administration.Tests\Zoo.Administration.Tests.csproj", "{6497D7A4-F1D0-43EF-A788-1D2EB6097847}"
EndProject
Project("{9A19103F-16F7-4668-BE54-9A1E7A4F7556}") = "Zoo.Infrastructure.Tests", "test\Zoo.Infrastructure.Tests\Zoo.Infrastructure.Tests.csproj", "{D2F0E7E5-A956-47D0-9270-DB4AF390FCBE}"
EndProject
Project("{9A19103F-16F7-4668-BE54-9A1E7A4F7556}") = "Zoo.Park.Tests", "test\Zoo.Park.Tests\Zoo.Park.Tests.csproj", "{A3ED5507-2A7B-4831-BD00-1E57FE9FF4D5}"
EndProject
Project("{9A19103F-16F7-4668-BE54-9A1E7A4F7556}") = "Zoo.Application.Tests", "test\Zoo.Application.Tests\Zoo.Application.Tests.csproj", "{4E724F6A-3C8E-4C92-AFA6-FEAD60E41776}"
EndProject
Project("{9A19103F-16F7-4668-BE54-9A1E7A4F7556}") = "Core.Specification.Tests", "test\Core.Specification.Tests\Core.Specification.Tests.csproj", "{37BD89D8-B551-40FE-B1FE-75EFEDAEDC07}"
EndProject
Global
	GlobalSection(SolutionConfigurationPlatforms) = preSolution
		Debug|Any CPU = Debug|Any CPU
		Release|Any CPU = Release|Any CPU
	EndGlobalSection
	GlobalSection(ProjectConfigurationPlatforms) = postSolution
		{04F75A21-C7CE-42AE-8F5D-FFE68FB4509A}.Debug|Any CPU.ActiveCfg = Debug|Any CPU
		{04F75A21-C7CE-42AE-8F5D-FFE68FB4509A}.Debug|Any CPU.Build.0 = Debug|Any CPU
		{04F75A21-C7CE-42AE-8F5D-FFE68FB4509A}.Release|Any CPU.ActiveCfg = Release|Any CPU
		{04F75A21-C7CE-42AE-8F5D-FFE68FB4509A}.Release|Any CPU.Build.0 = Release|Any CPU
		{922CAB03-34B0-40B6-8C09-453A129E9CF5}.Debug|Any CPU.ActiveCfg = Debug|Any CPU
		{922CAB03-34B0-40B6-8C09-453A129E9CF5}.Debug|Any CPU.Build.0 = Debug|Any CPU
		{922CAB03-34B0-40B6-8C09-453A129E9CF5}.Release|Any CPU.ActiveCfg = Release|Any CPU
		{922CAB03-34B0-40B6-8C09-453A129E9CF5}.Release|Any CPU.Build.0 = Release|Any CPU
		{318D8675-4327-4537-A195-0D596922C375}.Debug|Any CPU.ActiveCfg = Debug|Any CPU
		{318D8675-4327-4537-A195-0D596922C375}.Debug|Any CPU.Build.0 = Debug|Any CPU
		{318D8675-4327-4537-A195-0D596922C375}.Release|Any CPU.ActiveCfg = Release|Any CPU
		{318D8675-4327-4537-A195-0D596922C375}.Release|Any CPU.Build.0 = Release|Any CPU
		{26CBA5F2-7AD7-4C00-B183-0891248F7B03}.Debug|Any CPU.ActiveCfg = Debug|Any CPU
		{26CBA5F2-7AD7-4C00-B183-0891248F7B03}.Debug|Any CPU.Build.0 = Debug|Any CPU
		{26CBA5F2-7AD7-4C00-B183-0891248F7B03}.Release|Any CPU.ActiveCfg = Release|Any CPU
		{26CBA5F2-7AD7-4C00-B183-0891248F7B03}.Release|Any CPU.Build.0 = Release|Any CPU
		{118B6846-C31F-4013-8C65-8210A4D130E6}.Debug|Any CPU.ActiveCfg = Debug|Any CPU
		{118B6846-C31F-4013-8C65-8210A4D130E6}.Debug|Any CPU.Build.0 = Debug|Any CPU
		{118B6846-C31F-4013-8C65-8210A4D130E6}.Release|Any CPU.ActiveCfg = Release|Any CPU
		{118B6846-C31F-4013-8C65-8210A4D130E6}.Release|Any CPU.Build.0 = Release|Any CPU
		{B1D91D90-C394-4DB4-8BDA-0BBD620F9B9E}.Debug|Any CPU.ActiveCfg = Debug|Any CPU
		{B1D91D90-C394-4DB4-8BDA-0BBD620F9B9E}.Debug|Any CPU.Build.0 = Debug|Any CPU
		{B1D91D90-C394-4DB4-8BDA-0BBD620F9B9E}.Release|Any CPU.ActiveCfg = Release|Any CPU
		{B1D91D90-C394-4DB4-8BDA-0BBD620F9B9E}.Release|Any CPU.Build.0 = Release|Any CPU
		{4B795E5A-D85F-4EE6-B29D-7AC521679A61}.Debug|Any CPU.ActiveCfg = Debug|Any CPU
		{4B795E5A-D85F-4EE6-B29D-7AC521679A61}.Debug|Any CPU.Build.0 = Debug|Any CPU
		{4B795E5A-D85F-4EE6-B29D-7AC521679A61}.Release|Any CPU.ActiveCfg = Release|Any CPU
		{4B795E5A-D85F-4EE6-B29D-7AC521679A61}.Release|Any CPU.Build.0 = Release|Any CPU
		{B93D0B4C-8757-44A7-93E7-A819E6B189D9}.Debug|Any CPU.ActiveCfg = Debug|Any CPU
		{B93D0B4C-8757-44A7-93E7-A819E6B189D9}.Debug|Any CPU.Build.0 = Debug|Any CPU
		{B93D0B4C-8757-44A7-93E7-A819E6B189D9}.Release|Any CPU.ActiveCfg = Release|Any CPU
		{B93D0B4C-8757-44A7-93E7-A819E6B189D9}.Release|Any CPU.Build.0 = Release|Any CPU
		{0E881955-67D2-454D-A915-7D6726F68E96}.Debug|Any CPU.ActiveCfg = Debug|Any CPU
		{0E881955-67D2-454D-A915-7D6726F68E96}.Debug|Any CPU.Build.0 = Debug|Any CPU
		{0E881955-67D2-454D-A915-7D6726F68E96}.Release|Any CPU.ActiveCfg = Release|Any CPU
		{0E881955-67D2-454D-A915-7D6726F68E96}.Release|Any CPU.Build.0 = Release|Any CPU
		{6497D7A4-F1D0-43EF-A788-1D2EB6097847}.Debug|Any CPU.ActiveCfg = Debug|Any CPU
		{6497D7A4-F1D0-43EF-A788-1D2EB6097847}.Debug|Any CPU.Build.0 = Debug|Any CPU
		{6497D7A4-F1D0-43EF-A788-1D2EB6097847}.Release|Any CPU.ActiveCfg = Release|Any CPU
		{6497D7A4-F1D0-43EF-A788-1D2EB6097847}.Release|Any CPU.Build.0 = Release|Any CPU
		{D2F0E7E5-A956-47D0-9270-DB4AF390FCBE}.Debug|Any CPU.ActiveCfg = Debug|Any CPU
		{D2F0E7E5-A956-47D0-9270-DB4AF390FCBE}.Debug|Any CPU.Build.0 = Debug|Any CPU
		{D2F0E7E5-A956-47D0-9270-DB4AF390FCBE}.Release|Any CPU.ActiveCfg = Release|Any CPU
		{D2F0E7E5-A956-47D0-9270-DB4AF390FCBE}.Release|Any CPU.Build.0 = Release|Any CPU
		{A3ED5507-2A7B-4831-BD00-1E57FE9FF4D5}.Debug|Any CPU.ActiveCfg = Debug|Any CPU
		{A3ED5507-2A7B-4831-BD00-1E57FE9FF4D5}.Debug|Any CPU.Build.0 = Debug|Any CPU
		{A3ED5507-2A7B-4831-BD00-1E57FE9FF4D5}.Release|Any CPU.ActiveCfg = Release|Any CPU
		{A3ED5507-2A7B-4831-BD00-1E57FE9FF4D5}.Release|Any CPU.Build.0 = Release|Any CPU
		{4E724F6A-3C8E-4C92-AFA6-FEAD60E41776}.Debug|Any CPU.ActiveCfg = Debug|Any CPU
		{4E724F6A-3C8E-4C92-AFA6-FEAD60E41776}.Debug|Any CPU.Build.0 = Debug|Any CPU
		{4E724F6A-3C8E-4C92-AFA6-FEAD60E41776}.Release|Any CPU.ActiveCfg = Release|Any CPU
		{4E724F6A-3C8E-4C92-AFA6-FEAD60E41776}.Release|Any CPU.Build.0 = Release|Any CPU
		{EE02749C-E70E-43FA-98BD-55A14B3A1494}.Debug|Any CPU.ActiveCfg = Debug|Any CPU
		{EE02749C-E70E-43FA-98BD-55A14B3A1494}.Debug|Any CPU.Build.0 = Debug|Any CPU
		{EE02749C-E70E-43FA-98BD-55A14B3A1494}.Release|Any CPU.ActiveCfg = Release|Any CPU
		{EE02749C-E70E-43FA-98BD-55A14B3A1494}.Release|Any CPU.Build.0 = Release|Any CPU
		{37BD89D8-B551-40FE-B1FE-75EFEDAEDC07}.Debug|Any CPU.ActiveCfg = Debug|Any CPU
		{37BD89D8-B551-40FE-B1FE-75EFEDAEDC07}.Debug|Any CPU.Build.0 = Debug|Any CPU
		{37BD89D8-B551-40FE-B1FE-75EFEDAEDC07}.Release|Any CPU.ActiveCfg = Release|Any CPU
		{37BD89D8-B551-40FE-B1FE-75EFEDAEDC07}.Release|Any CPU.Build.0 = Release|Any CPU
	EndGlobalSection
	GlobalSection(SolutionProperties) = preSolution
		HideSolutionNode = FALSE
	EndGlobalSection
	GlobalSection(NestedProjects) = preSolution
		{04F75A21-C7CE-42AE-8F5D-FFE68FB4509A} = {EFDF9257-382F-4E15-9A24-D7D6B1511196}
		{922CAB03-34B0-40B6-8C09-453A129E9CF5} = {EFDF9257-382F-4E15-9A24-D7D6B1511196}
		{318D8675-4327-4537-A195-0D596922C375} = {EFDF9257-382F-4E15-9A24-D7D6B1511196}
		{26CBA5F2-7AD7-4C00-B183-0891248F7B03} = {EFDF9257-382F-4E15-9A24-D7D6B1511196}
		{118B6846-C31F-4013-8C65-8210A4D130E6} = {EFDF9257-382F-4E15-9A24-D7D6B1511196}
		{B1D91D90-C394-4DB4-8BDA-0BBD620F9B9E} = {EFDF9257-382F-4E15-9A24-D7D6B1511196}
		{4B795E5A-D85F-4EE6-B29D-7AC521679A61} = {EFDF9257-382F-4E15-9A24-D7D6B1511196}
		{0E881955-67D2-454D-A915-7D6726F68E96} = {EFDF9257-382F-4E15-9A24-D7D6B1511196}
		{B93D0B4C-8757-44A7-93E7-A819E6B189D9} = {2625D39F-AAFD-4566-B2F0-130BF02A161F}
		{6497D7A4-F1D0-43EF-A788-1D2EB6097847} = {2625D39F-AAFD-4566-B2F0-130BF02A161F}
		{D2F0E7E5-A956-47D0-9270-DB4AF390FCBE} = {2625D39F-AAFD-4566-B2F0-130BF02A161F}
		{A3ED5507-2A7B-4831-BD00-1E57FE9FF4D5} = {2625D39F-AAFD-4566-B2F0-130BF02A161F}
		{4E724F6A-3C8E-4C92-AFA6-FEAD60E41776} = {2625D39F-AAFD-4566-B2F0-130BF02A161F}
		{37BD89D8-B551-40FE-B1FE-75EFEDAEDC07} = {2625D39F-AAFD-4566-B2F0-130BF02A161F}
	EndGlobalSection
	GlobalSection(ExtensibilityGlobals) = postSolution
		SolutionGuid = {EF1155A2-705D-4823-A516-79DD5BD2F49F}
	EndGlobalSection
EndGlobal
